// !$*UTF8*$!
{
	archiveVersion = 1;
	classes = {
	};
	objectVersion = 50;
	objects = {

/* Begin PBXBuildFile section */
		266E100077004FA3DCFEA051 /* Pods_AGCollectionView.framework in Frameworks */ = {isa = PBXBuildFile; fileRef = 2B1D2A685B35FC86BDD56227 /* Pods_AGCollectionView.framework */; };
		7367CEEA35AC11566B013604 /* Pods_AGCollectionViewUITests.framework in Frameworks */ = {isa = PBXBuildFile; fileRef = 313D302795564936961D35DC /* Pods_AGCollectionViewUITests.framework */; };
		862665842152D00A000D4CF6 /* AppDelegate.swift in Sources */ = {isa = PBXBuildFile; fileRef = 862665832152D00A000D4CF6 /* AppDelegate.swift */; };
		862665862152D00A000D4CF6 /* ViewController.swift in Sources */ = {isa = PBXBuildFile; fileRef = 862665852152D00A000D4CF6 /* ViewController.swift */; };
		8626658B2152D00B000D4CF6 /* Assets.xcassets in Resources */ = {isa = PBXBuildFile; fileRef = 8626658A2152D00B000D4CF6 /* Assets.xcassets */; };
		8626658E2152D00B000D4CF6 /* LaunchScreen.storyboard in Resources */ = {isa = PBXBuildFile; fileRef = 8626658C2152D00B000D4CF6 /* LaunchScreen.storyboard */; };
		862665992152D00C000D4CF6 /* AGCollectionViewTests.swift in Sources */ = {isa = PBXBuildFile; fileRef = 862665982152D00C000D4CF6 /* AGCollectionViewTests.swift */; };
		862665A42152D00C000D4CF6 /* AGCollectionViewUITests.swift in Sources */ = {isa = PBXBuildFile; fileRef = 862665A32152D00C000D4CF6 /* AGCollectionViewUITests.swift */; };
		869A26F72152DA9C00F15C9D /* BaseCoordinator.swift in Sources */ = {isa = PBXBuildFile; fileRef = 869A26F62152DA9C00F15C9D /* BaseCoordinator.swift */; };
		869A26F92152E11900F15C9D /* AppCoordinator.swift in Sources */ = {isa = PBXBuildFile; fileRef = 869A26F82152E11900F15C9D /* AppCoordinator.swift */; };
		869A26FB2152E17800F15C9D /* CollectionCoordinator.swift in Sources */ = {isa = PBXBuildFile; fileRef = 869A26FA2152E17800F15C9D /* CollectionCoordinator.swift */; };
		F7B519FF579597FBF08F2FB3 /* Pods_AGCollectionViewTests.framework in Frameworks */ = {isa = PBXBuildFile; fileRef = 6241AA6273F6FF8FFF1FBB09 /* Pods_AGCollectionViewTests.framework */; };
/* End PBXBuildFile section */

/* Begin PBXContainerItemProxy section */
		862665952152D00C000D4CF6 /* PBXContainerItemProxy */ = {
			isa = PBXContainerItemProxy;
			containerPortal = 862665782152D00A000D4CF6 /* Project object */;
			proxyType = 1;
			remoteGlobalIDString = 8626657F2152D00A000D4CF6;
			remoteInfo = AGCollectionView;
		};
		862665A02152D00C000D4CF6 /* PBXContainerItemProxy */ = {
			isa = PBXContainerItemProxy;
			containerPortal = 862665782152D00A000D4CF6 /* Project object */;
			proxyType = 1;
			remoteGlobalIDString = 8626657F2152D00A000D4CF6;
			remoteInfo = AGCollectionView;
		};
/* End PBXContainerItemProxy section */

/* Begin PBXFileReference section */
		1E3CDC01838BFEE95EE13C43 /* Pods-AGCollectionView.release.xcconfig */ = {isa = PBXFileReference; includeInIndex = 1; lastKnownFileType = text.xcconfig; name = "Pods-AGCollectionView.release.xcconfig"; path = "Pods/Target Support Files/Pods-AGCollectionView/Pods-AGCollectionView.release.xcconfig"; sourceTree = "<group>"; };
		290F802D2CA6A18B38F8CD53 /* Pods-AGCollectionViewUITests.release.xcconfig */ = {isa = PBXFileReference; includeInIndex = 1; lastKnownFileType = text.xcconfig; name = "Pods-AGCollectionViewUITests.release.xcconfig"; path = "Pods/Target Support Files/Pods-AGCollectionViewUITests/Pods-AGCollectionViewUITests.release.xcconfig"; sourceTree = "<group>"; };
		2B1D2A685B35FC86BDD56227 /* Pods_AGCollectionView.framework */ = {isa = PBXFileReference; explicitFileType = wrapper.framework; includeInIndex = 0; path = Pods_AGCollectionView.framework; sourceTree = BUILT_PRODUCTS_DIR; };
		313D302795564936961D35DC /* Pods_AGCollectionViewUITests.framework */ = {isa = PBXFileReference; explicitFileType = wrapper.framework; includeInIndex = 0; path = Pods_AGCollectionViewUITests.framework; sourceTree = BUILT_PRODUCTS_DIR; };
		3DC1C13F59FFC16C94650C44 /* Pods-AGCollectionViewTests.release.xcconfig */ = {isa = PBXFileReference; includeInIndex = 1; lastKnownFileType = text.xcconfig; name = "Pods-AGCollectionViewTests.release.xcconfig"; path = "Pods/Target Support Files/Pods-AGCollectionViewTests/Pods-AGCollectionViewTests.release.xcconfig"; sourceTree = "<group>"; };
		517FC0D95D77975115C7BB6A /* Pods-AGCollectionViewTests.debug.xcconfig */ = {isa = PBXFileReference; includeInIndex = 1; lastKnownFileType = text.xcconfig; name = "Pods-AGCollectionViewTests.debug.xcconfig"; path = "Pods/Target Support Files/Pods-AGCollectionViewTests/Pods-AGCollectionViewTests.debug.xcconfig"; sourceTree = "<group>"; };
		5FF837CEEF8E8324C2DCC522 /* Pods-AGCollectionView.debug.xcconfig */ = {isa = PBXFileReference; includeInIndex = 1; lastKnownFileType = text.xcconfig; name = "Pods-AGCollectionView.debug.xcconfig"; path = "Pods/Target Support Files/Pods-AGCollectionView/Pods-AGCollectionView.debug.xcconfig"; sourceTree = "<group>"; };
		6241AA6273F6FF8FFF1FBB09 /* Pods_AGCollectionViewTests.framework */ = {isa = PBXFileReference; explicitFileType = wrapper.framework; includeInIndex = 0; path = Pods_AGCollectionViewTests.framework; sourceTree = BUILT_PRODUCTS_DIR; };
		862665802152D00A000D4CF6 /* AGCollectionView.app */ = {isa = PBXFileReference; explicitFileType = wrapper.application; includeInIndex = 0; path = AGCollectionView.app; sourceTree = BUILT_PRODUCTS_DIR; };
		862665832152D00A000D4CF6 /* AppDelegate.swift */ = {isa = PBXFileReference; lastKnownFileType = sourcecode.swift; path = AppDelegate.swift; sourceTree = "<group>"; };
		862665852152D00A000D4CF6 /* ViewController.swift */ = {isa = PBXFileReference; lastKnownFileType = sourcecode.swift; path = ViewController.swift; sourceTree = "<group>"; };
		8626658A2152D00B000D4CF6 /* Assets.xcassets */ = {isa = PBXFileReference; lastKnownFileType = folder.assetcatalog; path = Assets.xcassets; sourceTree = "<group>"; };
		8626658D2152D00B000D4CF6 /* Base */ = {isa = PBXFileReference; lastKnownFileType = file.storyboard; name = Base; path = Base.lproj/LaunchScreen.storyboard; sourceTree = "<group>"; };
		8626658F2152D00B000D4CF6 /* Info.plist */ = {isa = PBXFileReference; lastKnownFileType = text.plist.xml; path = Info.plist; sourceTree = "<group>"; };
		862665942152D00C000D4CF6 /* AGCollectionViewTests.xctest */ = {isa = PBXFileReference; explicitFileType = wrapper.cfbundle; includeInIndex = 0; path = AGCollectionViewTests.xctest; sourceTree = BUILT_PRODUCTS_DIR; };
		862665982152D00C000D4CF6 /* AGCollectionViewTests.swift */ = {isa = PBXFileReference; lastKnownFileType = sourcecode.swift; path = AGCollectionViewTests.swift; sourceTree = "<group>"; };
		8626659A2152D00C000D4CF6 /* Info.plist */ = {isa = PBXFileReference; lastKnownFileType = text.plist.xml; path = Info.plist; sourceTree = "<group>"; };
		8626659F2152D00C000D4CF6 /* AGCollectionViewUITests.xctest */ = {isa = PBXFileReference; explicitFileType = wrapper.cfbundle; includeInIndex = 0; path = AGCollectionViewUITests.xctest; sourceTree = BUILT_PRODUCTS_DIR; };
		862665A32152D00C000D4CF6 /* AGCollectionViewUITests.swift */ = {isa = PBXFileReference; lastKnownFileType = sourcecode.swift; path = AGCollectionViewUITests.swift; sourceTree = "<group>"; };
		862665A52152D00C000D4CF6 /* Info.plist */ = {isa = PBXFileReference; lastKnownFileType = text.plist.xml; path = Info.plist; sourceTree = "<group>"; };
		869A26F62152DA9C00F15C9D /* BaseCoordinator.swift */ = {isa = PBXFileReference; lastKnownFileType = sourcecode.swift; path = BaseCoordinator.swift; sourceTree = "<group>"; };
		869A26F82152E11900F15C9D /* AppCoordinator.swift */ = {isa = PBXFileReference; lastKnownFileType = sourcecode.swift; path = AppCoordinator.swift; sourceTree = "<group>"; };
		869A26FA2152E17800F15C9D /* CollectionCoordinator.swift */ = {isa = PBXFileReference; lastKnownFileType = sourcecode.swift; path = CollectionCoordinator.swift; sourceTree = "<group>"; };
		B5FDC5769FA25B3E582E827C /* Pods-AGCollectionViewUITests.debug.xcconfig */ = {isa = PBXFileReference; includeInIndex = 1; lastKnownFileType = text.xcconfig; name = "Pods-AGCollectionViewUITests.debug.xcconfig"; path = "Pods/Target Support Files/Pods-AGCollectionViewUITests/Pods-AGCollectionViewUITests.debug.xcconfig"; sourceTree = "<group>"; };
/* End PBXFileReference section */

/* Begin PBXFrameworksBuildPhase section */
		8626657D2152D00A000D4CF6 /* Frameworks */ = {
			isa = PBXFrameworksBuildPhase;
			buildActionMask = 2147483647;
			files = (
				266E100077004FA3DCFEA051 /* Pods_AGCollectionView.framework in Frameworks */,
			);
			runOnlyForDeploymentPostprocessing = 0;
		};
		862665912152D00C000D4CF6 /* Frameworks */ = {
			isa = PBXFrameworksBuildPhase;
			buildActionMask = 2147483647;
			files = (
				F7B519FF579597FBF08F2FB3 /* Pods_AGCollectionViewTests.framework in Frameworks */,
			);
			runOnlyForDeploymentPostprocessing = 0;
		};
		8626659C2152D00C000D4CF6 /* Frameworks */ = {
			isa = PBXFrameworksBuildPhase;
			buildActionMask = 2147483647;
			files = (
				7367CEEA35AC11566B013604 /* Pods_AGCollectionViewUITests.framework in Frameworks */,
			);
			runOnlyForDeploymentPostprocessing = 0;
		};
/* End PBXFrameworksBuildPhase section */

/* Begin PBXGroup section */
		862665772152D00A000D4CF6 = {
			isa = PBXGroup;
			children = (
				862665822152D00A000D4CF6 /* AGCollectionView */,
				862665972152D00C000D4CF6 /* AGCollectionViewTests */,
				862665A22152D00C000D4CF6 /* AGCollectionViewUITests */,
				862665812152D00A000D4CF6 /* Products */,
				ADBA76141D84A7A657F6D9B4 /* Pods */,
				B770C90A37C3F8A3BF66B8F2 /* Frameworks */,
			);
			sourceTree = "<group>";
		};
		862665812152D00A000D4CF6 /* Products */ = {
			isa = PBXGroup;
			children = (
				862665802152D00A000D4CF6 /* AGCollectionView.app */,
				862665942152D00C000D4CF6 /* AGCollectionViewTests.xctest */,
				8626659F2152D00C000D4CF6 /* AGCollectionViewUITests.xctest */,
			);
			name = Products;
			sourceTree = "<group>";
		};
		862665822152D00A000D4CF6 /* AGCollectionView */ = {
			isa = PBXGroup;
			children = (
				869A26F52152DA8300F15C9D /* Coordinators */,
				862665832152D00A000D4CF6 /* AppDelegate.swift */,
				862665852152D00A000D4CF6 /* ViewController.swift */,
				8626658A2152D00B000D4CF6 /* Assets.xcassets */,
				8626658C2152D00B000D4CF6 /* LaunchScreen.storyboard */,
				8626658F2152D00B000D4CF6 /* Info.plist */,
			);
			path = AGCollectionView;
			sourceTree = "<group>";
		};
		862665972152D00C000D4CF6 /* AGCollectionViewTests */ = {
			isa = PBXGroup;
			children = (
				862665982152D00C000D4CF6 /* AGCollectionViewTests.swift */,
				8626659A2152D00C000D4CF6 /* Info.plist */,
			);
			path = AGCollectionViewTests;
			sourceTree = "<group>";
		};
		862665A22152D00C000D4CF6 /* AGCollectionViewUITests */ = {
			isa = PBXGroup;
			children = (
				862665A32152D00C000D4CF6 /* AGCollectionViewUITests.swift */,
				862665A52152D00C000D4CF6 /* Info.plist */,
			);
			path = AGCollectionViewUITests;
			sourceTree = "<group>";
		};
		869A26F52152DA8300F15C9D /* Coordinators */ = {
			isa = PBXGroup;
			children = (
				869A26F82152E11900F15C9D /* AppCoordinator.swift */,
				869A26FA2152E17800F15C9D /* CollectionCoordinator.swift */,
				869A26F62152DA9C00F15C9D /* BaseCoordinator.swift */,
			);
			path = Coordinators;
			sourceTree = "<group>";
		};
		ADBA76141D84A7A657F6D9B4 /* Pods */ = {
			isa = PBXGroup;
			children = (
				5FF837CEEF8E8324C2DCC522 /* Pods-AGCollectionView.debug.xcconfig */,
				1E3CDC01838BFEE95EE13C43 /* Pods-AGCollectionView.release.xcconfig */,
				517FC0D95D77975115C7BB6A /* Pods-AGCollectionViewTests.debug.xcconfig */,
				3DC1C13F59FFC16C94650C44 /* Pods-AGCollectionViewTests.release.xcconfig */,
				B5FDC5769FA25B3E582E827C /* Pods-AGCollectionViewUITests.debug.xcconfig */,
				290F802D2CA6A18B38F8CD53 /* Pods-AGCollectionViewUITests.release.xcconfig */,
			);
			name = Pods;
			sourceTree = "<group>";
		};
		B770C90A37C3F8A3BF66B8F2 /* Frameworks */ = {
			isa = PBXGroup;
			children = (
				2B1D2A685B35FC86BDD56227 /* Pods_AGCollectionView.framework */,
				6241AA6273F6FF8FFF1FBB09 /* Pods_AGCollectionViewTests.framework */,
				313D302795564936961D35DC /* Pods_AGCollectionViewUITests.framework */,
			);
			name = Frameworks;
			sourceTree = "<group>";
		};
/* End PBXGroup section */

/* Begin PBXNativeTarget section */
		8626657F2152D00A000D4CF6 /* AGCollectionView */ = {
			isa = PBXNativeTarget;
			buildConfigurationList = 862665A82152D00C000D4CF6 /* Build configuration list for PBXNativeTarget "AGCollectionView" */;
			buildPhases = (
				B31B5507349FAA09D627E2D1 /* [CP] Check Pods Manifest.lock */,
				8626657C2152D00A000D4CF6 /* Sources */,
				8626657D2152D00A000D4CF6 /* Frameworks */,
				8626657E2152D00A000D4CF6 /* Resources */,
				C7BD3F6303FBA66186BEF8CA /* [CP] Embed Pods Frameworks */,
			);
			buildRules = (
			);
			dependencies = (
			);
			name = AGCollectionView;
			productName = AGCollectionView;
			productReference = 862665802152D00A000D4CF6 /* AGCollectionView.app */;
			productType = "com.apple.product-type.application";
		};
		862665932152D00C000D4CF6 /* AGCollectionViewTests */ = {
			isa = PBXNativeTarget;
			buildConfigurationList = 862665AB2152D00C000D4CF6 /* Build configuration list for PBXNativeTarget "AGCollectionViewTests" */;
			buildPhases = (
				D9D8E2107A1E0A4ADC5879B1 /* [CP] Check Pods Manifest.lock */,
				862665902152D00C000D4CF6 /* Sources */,
				862665912152D00C000D4CF6 /* Frameworks */,
				862665922152D00C000D4CF6 /* Resources */,
			);
			buildRules = (
			);
			dependencies = (
				862665962152D00C000D4CF6 /* PBXTargetDependency */,
			);
			name = AGCollectionViewTests;
			productName = AGCollectionViewTests;
			productReference = 862665942152D00C000D4CF6 /* AGCollectionViewTests.xctest */;
			productType = "com.apple.product-type.bundle.unit-test";
		};
		8626659E2152D00C000D4CF6 /* AGCollectionViewUITests */ = {
			isa = PBXNativeTarget;
			buildConfigurationList = 862665AE2152D00C000D4CF6 /* Build configuration list for PBXNativeTarget "AGCollectionViewUITests" */;
			buildPhases = (
				4288AA5188E783ED228CA3B3 /* [CP] Check Pods Manifest.lock */,
				8626659B2152D00C000D4CF6 /* Sources */,
				8626659C2152D00C000D4CF6 /* Frameworks */,
				8626659D2152D00C000D4CF6 /* Resources */,
			);
			buildRules = (
			);
			dependencies = (
				862665A12152D00C000D4CF6 /* PBXTargetDependency */,
			);
			name = AGCollectionViewUITests;
			productName = AGCollectionViewUITests;
			productReference = 8626659F2152D00C000D4CF6 /* AGCollectionViewUITests.xctest */;
			productType = "com.apple.product-type.bundle.ui-testing";
		};
/* End PBXNativeTarget section */

/* Begin PBXProject section */
		862665782152D00A000D4CF6 /* Project object */ = {
			isa = PBXProject;
			attributes = {
				LastSwiftUpdateCheck = 0940;
				LastUpgradeCheck = 0940;
				ORGANIZATIONNAME = "Angelo Giurano";
				TargetAttributes = {
					8626657F2152D00A000D4CF6 = {
						CreatedOnToolsVersion = 9.4.1;
					};
					862665932152D00C000D4CF6 = {
						CreatedOnToolsVersion = 9.4.1;
						TestTargetID = 8626657F2152D00A000D4CF6;
					};
					8626659E2152D00C000D4CF6 = {
						CreatedOnToolsVersion = 9.4.1;
						TestTargetID = 8626657F2152D00A000D4CF6;
					};
				};
			};
			buildConfigurationList = 8626657B2152D00A000D4CF6 /* Build configuration list for PBXProject "AGCollectionView" */;
			compatibilityVersion = "Xcode 9.3";
			developmentRegion = en;
			hasScannedForEncodings = 0;
			knownRegions = (
				en,
				Base,
			);
			mainGroup = 862665772152D00A000D4CF6;
			productRefGroup = 862665812152D00A000D4CF6 /* Products */;
			projectDirPath = "";
			projectRoot = "";
			targets = (
				8626657F2152D00A000D4CF6 /* AGCollectionView */,
				862665932152D00C000D4CF6 /* AGCollectionViewTests */,
				8626659E2152D00C000D4CF6 /* AGCollectionViewUITests */,
			);
		};
/* End PBXProject section */

/* Begin PBXResourcesBuildPhase section */
		8626657E2152D00A000D4CF6 /* Resources */ = {
			isa = PBXResourcesBuildPhase;
			buildActionMask = 2147483647;
			files = (
				8626658E2152D00B000D4CF6 /* LaunchScreen.storyboard in Resources */,
				8626658B2152D00B000D4CF6 /* Assets.xcassets in Resources */,
			);
			runOnlyForDeploymentPostprocessing = 0;
		};
		862665922152D00C000D4CF6 /* Resources */ = {
			isa = PBXResourcesBuildPhase;
			buildActionMask = 2147483647;
			files = (
			);
			runOnlyForDeploymentPostprocessing = 0;
		};
		8626659D2152D00C000D4CF6 /* Resources */ = {
			isa = PBXResourcesBuildPhase;
			buildActionMask = 2147483647;
			files = (
			);
			runOnlyForDeploymentPostprocessing = 0;
		};
/* End PBXResourcesBuildPhase section */

/* Begin PBXShellScriptBuildPhase section */
		4288AA5188E783ED228CA3B3 /* [CP] Check Pods Manifest.lock */ = {
			isa = PBXShellScriptBuildPhase;
			buildActionMask = 2147483647;
			files = (
			);
			inputPaths = (
				"${PODS_PODFILE_DIR_PATH}/Podfile.lock",
				"${PODS_ROOT}/Manifest.lock",
			);
			name = "[CP] Check Pods Manifest.lock";
			outputPaths = (
				"$(DERIVED_FILE_DIR)/Pods-AGCollectionViewUITests-checkManifestLockResult.txt",
			);
			runOnlyForDeploymentPostprocessing = 0;
			shellPath = /bin/sh;
			shellScript = "diff \"${PODS_PODFILE_DIR_PATH}/Podfile.lock\" \"${PODS_ROOT}/Manifest.lock\" > /dev/null\nif [ $? != 0 ] ; then\n    # print error to STDERR\n    echo \"error: The sandbox is not in sync with the Podfile.lock. Run 'pod install' or update your CocoaPods installation.\" >&2\n    exit 1\nfi\n# This output is used by Xcode 'outputs' to avoid re-running this script phase.\necho \"SUCCESS\" > \"${SCRIPT_OUTPUT_FILE_0}\"\n";
			showEnvVarsInLog = 0;
		};
		B31B5507349FAA09D627E2D1 /* [CP] Check Pods Manifest.lock */ = {
			isa = PBXShellScriptBuildPhase;
			buildActionMask = 2147483647;
			files = (
			);
			inputPaths = (
				"${PODS_PODFILE_DIR_PATH}/Podfile.lock",
				"${PODS_ROOT}/Manifest.lock",
			);
			name = "[CP] Check Pods Manifest.lock";
			outputPaths = (
				"$(DERIVED_FILE_DIR)/Pods-AGCollectionView-checkManifestLockResult.txt",
			);
			runOnlyForDeploymentPostprocessing = 0;
			shellPath = /bin/sh;
			shellScript = "diff \"${PODS_PODFILE_DIR_PATH}/Podfile.lock\" \"${PODS_ROOT}/Manifest.lock\" > /dev/null\nif [ $? != 0 ] ; then\n    # print error to STDERR\n    echo \"error: The sandbox is not in sync with the Podfile.lock. Run 'pod install' or update your CocoaPods installation.\" >&2\n    exit 1\nfi\n# This output is used by Xcode 'outputs' to avoid re-running this script phase.\necho \"SUCCESS\" > \"${SCRIPT_OUTPUT_FILE_0}\"\n";
			showEnvVarsInLog = 0;
		};
		C7BD3F6303FBA66186BEF8CA /* [CP] Embed Pods Frameworks */ = {
			isa = PBXShellScriptBuildPhase;
			buildActionMask = 2147483647;
			files = (
			);
			inputPaths = (
				"${SRCROOT}/Pods/Target Support Files/Pods-AGCollectionView/Pods-AGCollectionView-frameworks.sh",
				"${BUILT_PRODUCTS_DIR}/Differentiator/Differentiator.framework",
				"${BUILT_PRODUCTS_DIR}/RxCocoa/RxCocoa.framework",
				"${BUILT_PRODUCTS_DIR}/RxDataSources/RxDataSources.framework",
				"${BUILT_PRODUCTS_DIR}/RxOptional/RxOptional.framework",
				"${BUILT_PRODUCTS_DIR}/RxSwift/RxSwift.framework",
				"${BUILT_PRODUCTS_DIR}/SnapKit/SnapKit.framework",
			);
			name = "[CP] Embed Pods Frameworks";
			outputPaths = (
				"${TARGET_BUILD_DIR}/${FRAMEWORKS_FOLDER_PATH}/Differentiator.framework",
				"${TARGET_BUILD_DIR}/${FRAMEWORKS_FOLDER_PATH}/RxCocoa.framework",
				"${TARGET_BUILD_DIR}/${FRAMEWORKS_FOLDER_PATH}/RxDataSources.framework",
				"${TARGET_BUILD_DIR}/${FRAMEWORKS_FOLDER_PATH}/RxOptional.framework",
				"${TARGET_BUILD_DIR}/${FRAMEWORKS_FOLDER_PATH}/RxSwift.framework",
				"${TARGET_BUILD_DIR}/${FRAMEWORKS_FOLDER_PATH}/SnapKit.framework",
			);
			runOnlyForDeploymentPostprocessing = 0;
			shellPath = /bin/sh;
			shellScript = "\"${SRCROOT}/Pods/Target Support Files/Pods-AGCollectionView/Pods-AGCollectionView-frameworks.sh\"\n";
			showEnvVarsInLog = 0;
		};
		D9D8E2107A1E0A4ADC5879B1 /* [CP] Check Pods Manifest.lock */ = {
			isa = PBXShellScriptBuildPhase;
			buildActionMask = 2147483647;
			files = (
			);
			inputPaths = (
				"${PODS_PODFILE_DIR_PATH}/Podfile.lock",
				"${PODS_ROOT}/Manifest.lock",
			);
			name = "[CP] Check Pods Manifest.lock";
			outputPaths = (
				"$(DERIVED_FILE_DIR)/Pods-AGCollectionViewTests-checkManifestLockResult.txt",
			);
			runOnlyForDeploymentPostprocessing = 0;
			shellPath = /bin/sh;
			shellScript = "diff \"${PODS_PODFILE_DIR_PATH}/Podfile.lock\" \"${PODS_ROOT}/Manifest.lock\" > /dev/null\nif [ $? != 0 ] ; then\n    # print error to STDERR\n    echo \"error: The sandbox is not in sync with the Podfile.lock. Run 'pod install' or update your CocoaPods installation.\" >&2\n    exit 1\nfi\n# This output is used by Xcode 'outputs' to avoid re-running this script phase.\necho \"SUCCESS\" > \"${SCRIPT_OUTPUT_FILE_0}\"\n";
			showEnvVarsInLog = 0;
		};
/* End PBXShellScriptBuildPhase section */

/* Begin PBXSourcesBuildPhase section */
		8626657C2152D00A000D4CF6 /* Sources */ = {
			isa = PBXSourcesBuildPhase;
			buildActionMask = 2147483647;
			files = (
				869A26F92152E11900F15C9D /* AppCoordinator.swift in Sources */,
				862665862152D00A000D4CF6 /* ViewController.swift in Sources */,
				869A26F72152DA9C00F15C9D /* BaseCoordinator.swift in Sources */,
				869A26FB2152E17800F15C9D /* CollectionCoordinator.swift in Sources */,
				862665842152D00A000D4CF6 /* AppDelegate.swift in Sources */,
			);
			runOnlyForDeploymentPostprocessing = 0;
		};
		862665902152D00C000D4CF6 /* Sources */ = {
			isa = PBXSourcesBuildPhase;
			buildActionMask = 2147483647;
			files = (
				862665992152D00C000D4CF6 /* AGCollectionViewTests.swift in Sources */,
			);
			runOnlyForDeploymentPostprocessing = 0;
		};
		8626659B2152D00C000D4CF6 /* Sources */ = {
			isa = PBXSourcesBuildPhase;
			buildActionMask = 2147483647;
			files = (
				862665A42152D00C000D4CF6 /* AGCollectionViewUITests.swift in Sources */,
			);
			runOnlyForDeploymentPostprocessing = 0;
		};
/* End PBXSourcesBuildPhase section */

/* Begin PBXTargetDependency section */
		862665962152D00C000D4CF6 /* PBXTargetDependency */ = {
			isa = PBXTargetDependency;
			target = 8626657F2152D00A000D4CF6 /* AGCollectionView */;
			targetProxy = 862665952152D00C000D4CF6 /* PBXContainerItemProxy */;
		};
		862665A12152D00C000D4CF6 /* PBXTargetDependency */ = {
			isa = PBXTargetDependency;
			target = 8626657F2152D00A000D4CF6 /* AGCollectionView */;
			targetProxy = 862665A02152D00C000D4CF6 /* PBXContainerItemProxy */;
		};
/* End PBXTargetDependency section */

/* Begin PBXVariantGroup section */
		8626658C2152D00B000D4CF6 /* LaunchScreen.storyboard */ = {
			isa = PBXVariantGroup;
			children = (
				8626658D2152D00B000D4CF6 /* Base */,
			);
			name = LaunchScreen.storyboard;
			sourceTree = "<group>";
		};
/* End PBXVariantGroup section */

/* Begin XCBuildConfiguration section */
		862665A62152D00C000D4CF6 /* Debug */ = {
			isa = XCBuildConfiguration;
			buildSettings = {
				ALWAYS_SEARCH_USER_PATHS = NO;
				CLANG_ANALYZER_NONNULL = YES;
				CLANG_ANALYZER_NUMBER_OBJECT_CONVERSION = YES_AGGRESSIVE;
				CLANG_CXX_LANGUAGE_STANDARD = "gnu++14";
				CLANG_CXX_LIBRARY = "libc++";
				CLANG_ENABLE_MODULES = YES;
				CLANG_ENABLE_OBJC_ARC = YES;
				CLANG_ENABLE_OBJC_WEAK = YES;
				CLANG_WARN_BLOCK_CAPTURE_AUTORELEASING = YES;
				CLANG_WARN_BOOL_CONVERSION = YES;
				CLANG_WARN_COMMA = YES;
				CLANG_WARN_CONSTANT_CONVERSION = YES;
				CLANG_WARN_DEPRECATED_OBJC_IMPLEMENTATIONS = YES;
				CLANG_WARN_DIRECT_OBJC_ISA_USAGE = YES_ERROR;
				CLANG_WARN_DOCUMENTATION_COMMENTS = YES;
				CLANG_WARN_EMPTY_BODY = YES;
				CLANG_WARN_ENUM_CONVERSION = YES;
				CLANG_WARN_INFINITE_RECURSION = YES;
				CLANG_WARN_INT_CONVERSION = YES;
				CLANG_WARN_NON_LITERAL_NULL_CONVERSION = YES;
				CLANG_WARN_OBJC_IMPLICIT_RETAIN_SELF = YES;
				CLANG_WARN_OBJC_LITERAL_CONVERSION = YES;
				CLANG_WARN_OBJC_ROOT_CLASS = YES_ERROR;
				CLANG_WARN_RANGE_LOOP_ANALYSIS = YES;
				CLANG_WARN_STRICT_PROTOTYPES = YES;
				CLANG_WARN_SUSPICIOUS_MOVE = YES;
				CLANG_WARN_UNGUARDED_AVAILABILITY = YES_AGGRESSIVE;
				CLANG_WARN_UNREACHABLE_CODE = YES;
				CLANG_WARN__DUPLICATE_METHOD_MATCH = YES;
				CODE_SIGN_IDENTITY = "iPhone Developer";
				COPY_PHASE_STRIP = NO;
				DEBUG_INFORMATION_FORMAT = dwarf;
				ENABLE_STRICT_OBJC_MSGSEND = YES;
				ENABLE_TESTABILITY = YES;
				GCC_C_LANGUAGE_STANDARD = gnu11;
				GCC_DYNAMIC_NO_PIC = NO;
				GCC_NO_COMMON_BLOCKS = YES;
				GCC_OPTIMIZATION_LEVEL = 0;
				GCC_PREPROCESSOR_DEFINITIONS = (
					"DEBUG=1",
					"$(inherited)",
				);
				GCC_WARN_64_TO_32_BIT_CONVERSION = YES;
				GCC_WARN_ABOUT_RETURN_TYPE = YES_ERROR;
				GCC_WARN_UNDECLARED_SELECTOR = YES;
				GCC_WARN_UNINITIALIZED_AUTOS = YES_AGGRESSIVE;
				GCC_WARN_UNUSED_FUNCTION = YES;
				GCC_WARN_UNUSED_VARIABLE = YES;
				IPHONEOS_DEPLOYMENT_TARGET = 11.4;
				MTL_ENABLE_DEBUG_INFO = YES;
				ONLY_ACTIVE_ARCH = YES;
				SDKROOT = iphoneos;
				SWIFT_ACTIVE_COMPILATION_CONDITIONS = DEBUG;
				SWIFT_OPTIMIZATION_LEVEL = "-Onone";
			};
			name = Debug;
		};
		862665A72152D00C000D4CF6 /* Release */ = {
			isa = XCBuildConfiguration;
			buildSettings = {
				ALWAYS_SEARCH_USER_PATHS = NO;
				CLANG_ANALYZER_NONNULL = YES;
				CLANG_ANALYZER_NUMBER_OBJECT_CONVERSION = YES_AGGRESSIVE;
				CLANG_CXX_LANGUAGE_STANDARD = "gnu++14";
				CLANG_CXX_LIBRARY = "libc++";
				CLANG_ENABLE_MODULES = YES;
				CLANG_ENABLE_OBJC_ARC = YES;
				CLANG_ENABLE_OBJC_WEAK = YES;
				CLANG_WARN_BLOCK_CAPTURE_AUTORELEASING = YES;
				CLANG_WARN_BOOL_CONVERSION = YES;
				CLANG_WARN_COMMA = YES;
				CLANG_WARN_CONSTANT_CONVERSION = YES;
				CLANG_WARN_DEPRECATED_OBJC_IMPLEMENTATIONS = YES;
				CLANG_WARN_DIRECT_OBJC_ISA_USAGE = YES_ERROR;
				CLANG_WARN_DOCUMENTATION_COMMENTS = YES;
				CLANG_WARN_EMPTY_BODY = YES;
				CLANG_WARN_ENUM_CONVERSION = YES;
				CLANG_WARN_INFINITE_RECURSION = YES;
				CLANG_WARN_INT_CONVERSION = YES;
				CLANG_WARN_NON_LITERAL_NULL_CONVERSION = YES;
				CLANG_WARN_OBJC_IMPLICIT_RETAIN_SELF = YES;
				CLANG_WARN_OBJC_LITERAL_CONVERSION = YES;
				CLANG_WARN_OBJC_ROOT_CLASS = YES_ERROR;
				CLANG_WARN_RANGE_LOOP_ANALYSIS = YES;
				CLANG_WARN_STRICT_PROTOTYPES = YES;
				CLANG_WARN_SUSPICIOUS_MOVE = YES;
				CLANG_WARN_UNGUARDED_AVAILABILITY = YES_AGGRESSIVE;
				CLANG_WARN_UNREACHABLE_CODE = YES;
				CLANG_WARN__DUPLICATE_METHOD_MATCH = YES;
				CODE_SIGN_IDENTITY = "iPhone Developer";
				COPY_PHASE_STRIP = NO;
				DEBUG_INFORMATION_FORMAT = "dwarf-with-dsym";
				ENABLE_NS_ASSERTIONS = NO;
				ENABLE_STRICT_OBJC_MSGSEND = YES;
				GCC_C_LANGUAGE_STANDARD = gnu11;
				GCC_NO_COMMON_BLOCKS = YES;
				GCC_WARN_64_TO_32_BIT_CONVERSION = YES;
				GCC_WARN_ABOUT_RETURN_TYPE = YES_ERROR;
				GCC_WARN_UNDECLARED_SELECTOR = YES;
				GCC_WARN_UNINITIALIZED_AUTOS = YES_AGGRESSIVE;
				GCC_WARN_UNUSED_FUNCTION = YES;
				GCC_WARN_UNUSED_VARIABLE = YES;
				IPHONEOS_DEPLOYMENT_TARGET = 11.4;
				MTL_ENABLE_DEBUG_INFO = NO;
				SDKROOT = iphoneos;
				SWIFT_COMPILATION_MODE = wholemodule;
				SWIFT_OPTIMIZATION_LEVEL = "-O";
				VALIDATE_PRODUCT = YES;
			};
			name = Release;
		};
		862665A92152D00C000D4CF6 /* Debug */ = {
			isa = XCBuildConfiguration;
			baseConfigurationReference = 5FF837CEEF8E8324C2DCC522 /* Pods-AGCollectionView.debug.xcconfig */;
			buildSettings = {
				ASSETCATALOG_COMPILER_APPICON_NAME = AppIcon;
				CODE_SIGN_STYLE = Automatic;
				DEVELOPMENT_TEAM = V826A7MRT2;
				INFOPLIST_FILE = AGCollectionView/Info.plist;
				LD_RUNPATH_SEARCH_PATHS = (
					"$(inherited)",
					"@executable_path/Frameworks",
				);
				PRODUCT_BUNDLE_IDENTIFIER = com.angelogiurano.AGCollectionView;
				PRODUCT_NAME = "$(TARGET_NAME)";
				SWIFT_VERSION = 4.0;
				TARGETED_DEVICE_FAMILY = "1,2";
			};
			name = Debug;
		};
		862665AA2152D00C000D4CF6 /* Release */ = {
			isa = XCBuildConfiguration;
			baseConfigurationReference = 1E3CDC01838BFEE95EE13C43 /* Pods-AGCollectionView.release.xcconfig */;
			buildSettings = {
				ASSETCATALOG_COMPILER_APPICON_NAME = AppIcon;
				CODE_SIGN_STYLE = Automatic;
				DEVELOPMENT_TEAM = V826A7MRT2;
				INFOPLIST_FILE = AGCollectionView/Info.plist;
				LD_RUNPATH_SEARCH_PATHS = (
					"$(inherited)",
					"@executable_path/Frameworks",
				);
				PRODUCT_BUNDLE_IDENTIFIER = com.angelogiurano.AGCollectionView;
				PRODUCT_NAME = "$(TARGET_NAME)";
				SWIFT_VERSION = 4.0;
				TARGETED_DEVICE_FAMILY = "1,2";
			};
			name = Release;
		};
		862665AC2152D00C000D4CF6 /* Debug */ = {
			isa = XCBuildConfiguration;
			baseConfigurationReference = 517FC0D95D77975115C7BB6A /* Pods-AGCollectionViewTests.debug.xcconfig */;
			buildSettings = {
				ALWAYS_EMBED_SWIFT_STANDARD_LIBRARIES = YES;
				BUNDLE_LOADER = "$(TEST_HOST)";
				CODE_SIGN_STYLE = Automatic;
				DEVELOPMENT_TEAM = V826A7MRT2;
				INFOPLIST_FILE = AGCollectionViewTests/Info.plist;
				LD_RUNPATH_SEARCH_PATHS = (
					"$(inherited)",
					"@executable_path/Frameworks",
					"@loader_path/Frameworks",
				);
				PRODUCT_BUNDLE_IDENTIFIER = com.angelogiurano.AGCollectionViewTests;
				PRODUCT_NAME = "$(TARGET_NAME)";
				SWIFT_VERSION = 4.0;
				TARGETED_DEVICE_FAMILY = "1,2";
				TEST_HOST = "$(BUILT_PRODUCTS_DIR)/AGCollectionView.app/AGCollectionView";
			};
			name = Debug;
		};
		862665AD2152D00C000D4CF6 /* Release */ = {
			isa = XCBuildConfiguration;
			baseConfigurationReference = 3DC1C13F59FFC16C94650C44 /* Pods-AGCollectionViewTests.release.xcconfig */;
			buildSettings = {
				ALWAYS_EMBED_SWIFT_STANDARD_LIBRARIES = YES;
				BUNDLE_LOADER = "$(TEST_HOST)";
				CODE_SIGN_STYLE = Automatic;
				DEVELOPMENT_TEAM = V826A7MRT2;
				INFOPLIST_FILE = AGCollectionViewTests/Info.plist;
				LD_RUNPATH_SEARCH_PATHS = (
					"$(inherited)",
					"@executable_path/Frameworks",
					"@loader_path/Frameworks",
				);
				PRODUCT_BUNDLE_IDENTIFIER = com.angelogiurano.AGCollectionViewTests;
				PRODUCT_NAME = "$(TARGET_NAME)";
				SWIFT_VERSION = 4.0;
				TARGETED_DEVICE_FAMILY = "1,2";
				TEST_HOST = "$(BUILT_PRODUCTS_DIR)/AGCollectionView.app/AGCollectionView";
			};
			name = Release;
		};
		862665AF2152D00C000D4CF6 /* Debug */ = {
			isa = XCBuildConfiguration;
			baseConfigurationReference = B5FDC5769FA25B3E582E827C /* Pods-AGCollectionViewUITests.debug.xcconfig */;
			buildSettings = {
				ALWAYS_EMBED_SWIFT_STANDARD_LIBRARIES = YES;
				CODE_SIGN_STYLE = Automatic;
				DEVELOPMENT_TEAM = V826A7MRT2;
				INFOPLIST_FILE = AGCollectionViewUITests/Info.plist;
				LD_RUNPATH_SEARCH_PATHS = (
					"$(inherited)",
					"@executable_path/Frameworks",
					"@loader_path/Frameworks",
				);
				PRODUCT_BUNDLE_IDENTIFIER = com.angelogiurano.AGCollectionViewUITests;
				PRODUCT_NAME = "$(TARGET_NAME)";
				SWIFT_VERSION = 4.0;
				TARGETED_DEVICE_FAMILY = "1,2";
				TEST_TARGET_NAME = AGCollectionView;
			};
			name = Debug;
		};
		862665B02152D00C000D4CF6 /* Release */ = {
			isa = XCBuildConfiguration;
			baseConfigurationReference = 290F802D2CA6A18B38F8CD53 /* Pods-AGCollectionViewUITests.release.xcconfig */;
			buildSettings = {
				ALWAYS_EMBED_SWIFT_STANDARD_LIBRARIES = YES;
				CODE_SIGN_STYLE = Automatic;
				DEVELOPMENT_TEAM = V826A7MRT2;
				INFOPLIST_FILE = AGCollectionViewUITests/Info.plist;
				LD_RUNPATH_SEARCH_PATHS = (
					"$(inherited)",
					"@executable_path/Frameworks",
					"@loader_path/Frameworks",
				);
				PRODUCT_BUNDLE_IDENTIFIER = com.angelogiurano.AGCollectionViewUITests;
				PRODUCT_NAME = "$(TARGET_NAME)";
				SWIFT_VERSION = 4.0;
				TARGETED_DEVICE_FAMILY = "1,2";
				TEST_TARGET_NAME = AGCollectionView;
			};
			name = Release;
		};
/* End XCBuildConfiguration section */

/* Begin XCConfigurationList section */
		8626657B2152D00A000D4CF6 /* Build configuration list for PBXProject "AGCollectionView" */ = {
			isa = XCConfigurationList;
			buildConfigurations = (
				862665A62152D00C000D4CF6 /* Debug */,
				862665A72152D00C000D4CF6 /* Release */,
			);
			defaultConfigurationIsVisible = 0;
			defaultConfigurationName = Release;
		};
		862665A82152D00C000D4CF6 /* Build configuration list for PBXNativeTarget "AGCollectionView" */ = {
			isa = XCConfigurationList;
			buildConfigurations = (
				862665A92152D00C000D4CF6 /* Debug */,
				862665AA2152D00C000D4CF6 /* Release */,
			);
			defaultConfigurationIsVisible = 0;
			defaultConfigurationName = Release;
		};
		862665AB2152D00C000D4CF6 /* Build configuration list for PBXNativeTarget "AGCollectionViewTests" */ = {
			isa = XCConfigurationList;
			buildConfigurations = (
				862665AC2152D00C000D4CF6 /* Debug */,
				862665AD2152D00C000D4CF6 /* Release */,
			);
			defaultConfigurationIsVisible = 0;
			defaultConfigurationName = Release;
		};
		862665AE2152D00C000D4CF6 /* Build configuration list for PBXNativeTarget "AGCollectionViewUITests" */ = {
			isa = XCConfigurationList;
			buildConfigurations = (
				862665AF2152D00C000D4CF6 /* Debug */,
				862665B02152D00C000D4CF6 /* Release */,
			);
			defaultConfigurationIsVisible = 0;
			defaultConfigurationName = Release;
		};
/* End XCConfigurationList section */
	};
	rootObject = 862665782152D00A000D4CF6 /* Project object */;
}
